// !$*UTF8*$!
{
	archiveVersion = 1;
	classes = {
	};
	objectVersion = 56;
	objects = {

/* Begin PBXBuildFile section */
		04F451292B1ED6E9008B0D5B /* AppDelegate.swift in Sources */ = {isa = PBXBuildFile; fileRef = 04F451282B1ED6E9008B0D5B /* AppDelegate.swift */; };
		04F4512B2B1ED6E9008B0D5B /* SceneDelegate.swift in Sources */ = {isa = PBXBuildFile; fileRef = 04F4512A2B1ED6E9008B0D5B /* SceneDelegate.swift */; };
		04F4512D2B1ED6E9008B0D5B /* RootViewController.swift in Sources */ = {isa = PBXBuildFile; fileRef = 04F4512C2B1ED6E9008B0D5B /* RootViewController.swift */; };
		04F451322B1ED6EA008B0D5B /* Assets.xcassets in Resources */ = {isa = PBXBuildFile; fileRef = 04F451312B1ED6EA008B0D5B /* Assets.xcassets */; };
		04F451352B1ED6EA008B0D5B /* LaunchScreen.storyboard in Resources */ = {isa = PBXBuildFile; fileRef = 04F451332B1ED6EA008B0D5B /* LaunchScreen.storyboard */; };
		04F451452B1EDB2F008B0D5B /* Publisher.swift in Sources */ = {isa = PBXBuildFile; fileRef = 04F451442B1EDB2F008B0D5B /* Publisher.swift */; };
		04F451472B1EDB39008B0D5B /* Observer.swift in Sources */ = {isa = PBXBuildFile; fileRef = 04F451462B1EDB39008B0D5B /* Observer.swift */; };
		04F451562B1EF038008B0D5B /* CustomLabel.swift in Sources */ = {isa = PBXBuildFile; fileRef = 04F451552B1EF038008B0D5B /* CustomLabel.swift */; };
		04F451592B1EF54C008B0D5B /* ConvenienceInitializers.swift in Sources */ = {isa = PBXBuildFile; fileRef = 04F451582B1EF54C008B0D5B /* ConvenienceInitializers.swift */; };
		04F4515B2B1EF6A4008B0D5B /* MessageBox.swift in Sources */ = {isa = PBXBuildFile; fileRef = 04F4515A2B1EF6A4008B0D5B /* MessageBox.swift */; };
/* End PBXBuildFile section */

/* Begin PBXFileReference section */
		04EA02582B29457200B2D768 /* README.md */ = {isa = PBXFileReference; lastKnownFileType = net.daringfireball.markdown; path = README.md; sourceTree = "<group>"; };
		04F451252B1ED6E9008B0D5B /* ObserverPatternPractice.app */ = {isa = PBXFileReference; explicitFileType = wrapper.application; includeInIndex = 0; path = ObserverPatternPractice.app; sourceTree = BUILT_PRODUCTS_DIR; };
		04F451282B1ED6E9008B0D5B /* AppDelegate.swift */ = {isa = PBXFileReference; lastKnownFileType = sourcecode.swift; path = AppDelegate.swift; sourceTree = "<group>"; };
		04F4512A2B1ED6E9008B0D5B /* SceneDelegate.swift */ = {isa = PBXFileReference; lastKnownFileType = sourcecode.swift; path = SceneDelegate.swift; sourceTree = "<group>"; };
		04F4512C2B1ED6E9008B0D5B /* RootViewController.swift */ = {isa = PBXFileReference; lastKnownFileType = sourcecode.swift; path = RootViewController.swift; sourceTree = "<group>"; };
		04F451312B1ED6EA008B0D5B /* Assets.xcassets */ = {isa = PBXFileReference; lastKnownFileType = folder.assetcatalog; path = Assets.xcassets; sourceTree = "<group>"; };
		04F451342B1ED6EA008B0D5B /* Base */ = {isa = PBXFileReference; lastKnownFileType = file.storyboard; name = Base; path = Base.lproj/LaunchScreen.storyboard; sourceTree = "<group>"; };
		04F451362B1ED6EA008B0D5B /* Info.plist */ = {isa = PBXFileReference; lastKnownFileType = text.plist.xml; path = Info.plist; sourceTree = "<group>"; };
		04F451442B1EDB2F008B0D5B /* Publisher.swift */ = {isa = PBXFileReference; lastKnownFileType = sourcecode.swift; path = Publisher.swift; sourceTree = "<group>"; };
		04F451462B1EDB39008B0D5B /* Observer.swift */ = {isa = PBXFileReference; lastKnownFileType = sourcecode.swift; path = Observer.swift; sourceTree = "<group>"; };
		04F451552B1EF038008B0D5B /* CustomLabel.swift */ = {isa = PBXFileReference; lastKnownFileType = sourcecode.swift; path = CustomLabel.swift; sourceTree = "<group>"; };
		04F451582B1EF54C008B0D5B /* ConvenienceInitializers.swift */ = {isa = PBXFileReference; lastKnownFileType = sourcecode.swift; path = ConvenienceInitializers.swift; sourceTree = "<group>"; };
		04F4515A2B1EF6A4008B0D5B /* MessageBox.swift */ = {isa = PBXFileReference; lastKnownFileType = sourcecode.swift; path = MessageBox.swift; sourceTree = "<group>"; };
/* End PBXFileReference section */

/* Begin PBXFrameworksBuildPhase section */
		04F451222B1ED6E9008B0D5B /* Frameworks */ = {
			isa = PBXFrameworksBuildPhase;
			buildActionMask = 2147483647;
			files = (
			);
			runOnlyForDeploymentPostprocessing = 0;
		};
/* End PBXFrameworksBuildPhase section */

/* Begin PBXGroup section */
		04F4511C2B1ED6E9008B0D5B = {
			isa = PBXGroup;
			children = (
				04EA02582B29457200B2D768 /* README.md */,
				04F451272B1ED6E9008B0D5B /* ObserverPatternPractice */,
				04F451262B1ED6E9008B0D5B /* Products */,
			);
			sourceTree = "<group>";
		};
		04F451262B1ED6E9008B0D5B /* Products */ = {
			isa = PBXGroup;
			children = (
				04F451252B1ED6E9008B0D5B /* ObserverPatternPractice.app */,
			);
			name = Products;
			sourceTree = "<group>";
		};
		04F451272B1ED6E9008B0D5B /* ObserverPatternPractice */ = {
			isa = PBXGroup;
			children = (
				04F451282B1ED6E9008B0D5B /* AppDelegate.swift */,
				04F4512A2B1ED6E9008B0D5B /* SceneDelegate.swift */,
				04F4512C2B1ED6E9008B0D5B /* RootViewController.swift */,
				04F4515A2B1EF6A4008B0D5B /* MessageBox.swift */,
				04F451552B1EF038008B0D5B /* CustomLabel.swift */,
				04F451572B1EF535008B0D5B /* Extensions */,
				04F451412B1EDAB8008B0D5B /* Protocols */,
				04F451312B1ED6EA008B0D5B /* Assets.xcassets */,
				04F451332B1ED6EA008B0D5B /* LaunchScreen.storyboard */,
				04F451362B1ED6EA008B0D5B /* Info.plist */,
			);
			path = ObserverPatternPractice;
			sourceTree = "<group>";
		};
		04F451412B1EDAB8008B0D5B /* Protocols */ = {
			isa = PBXGroup;
			children = (
				04F451442B1EDB2F008B0D5B /* Publisher.swift */,
				04F451462B1EDB39008B0D5B /* Observer.swift */,
			);
			path = Protocols;
			sourceTree = "<group>";
		};
		04F451572B1EF535008B0D5B /* Extensions */ = {
			isa = PBXGroup;
			children = (
				04F451582B1EF54C008B0D5B /* ConvenienceInitializers.swift */,
			);
			path = Extensions;
			sourceTree = "<group>";
		};
/* End PBXGroup section */

/* Begin PBXNativeTarget section */
		04F451242B1ED6E9008B0D5B /* ObserverPatternPractice */ = {
			isa = PBXNativeTarget;
			buildConfigurationList = 04F451392B1ED6EA008B0D5B /* Build configuration list for PBXNativeTarget "ObserverPatternPractice" */;
			buildPhases = (
				04F451212B1ED6E9008B0D5B /* Sources */,
				04F451222B1ED6E9008B0D5B /* Frameworks */,
				04F451232B1ED6E9008B0D5B /* Resources */,
			);
			buildRules = (
			);
			dependencies = (
			);
			name = ObserverPatternPractice;
			productName = ObserverPatternPractice;
			productReference = 04F451252B1ED6E9008B0D5B /* ObserverPatternPractice.app */;
			productType = "com.apple.product-type.application";
		};
/* End PBXNativeTarget section */

/* Begin PBXProject section */
		04F4511D2B1ED6E9008B0D5B /* Project object */ = {
			isa = PBXProject;
			attributes = {
				BuildIndependentTargetsInParallel = 1;
				LastSwiftUpdateCheck = 1500;
				LastUpgradeCheck = 1500;
				TargetAttributes = {
					04F451242B1ED6E9008B0D5B = {
						CreatedOnToolsVersion = 15.0.1;
					};
				};
			};
			buildConfigurationList = 04F451202B1ED6E9008B0D5B /* Build configuration list for PBXProject "ObserverPatternPractice" */;
			compatibilityVersion = "Xcode 14.0";
			developmentRegion = en;
			hasScannedForEncodings = 0;
			knownRegions = (
				en,
				Base,
			);
			mainGroup = 04F4511C2B1ED6E9008B0D5B;
			productRefGroup = 04F451262B1ED6E9008B0D5B /* Products */;
			projectDirPath = "";
			projectRoot = "";
			targets = (
				04F451242B1ED6E9008B0D5B /* ObserverPatternPractice */,
			);
		};
/* End PBXProject section */

/* Begin PBXResourcesBuildPhase section */
		04F451232B1ED6E9008B0D5B /* Resources */ = {
			isa = PBXResourcesBuildPhase;
			buildActionMask = 2147483647;
			files = (
				04F451352B1ED6EA008B0D5B /* LaunchScreen.storyboard in Resources */,
				04F451322B1ED6EA008B0D5B /* Assets.xcassets in Resources */,
			);
			runOnlyForDeploymentPostprocessing = 0;
		};
/* End PBXResourcesBuildPhase section */

/* Begin PBXSourcesBuildPhase section */
		04F451212B1ED6E9008B0D5B /* Sources */ = {
			isa = PBXSourcesBuildPhase;
			buildActionMask = 2147483647;
			files = (
				04F451452B1EDB2F008B0D5B /* Publisher.swift in Sources */,
				04F4515B2B1EF6A4008B0D5B /* MessageBox.swift in Sources */,
				04F451562B1EF038008B0D5B /* CustomLabel.swift in Sources */,
				04F4512D2B1ED6E9008B0D5B /* RootViewController.swift in Sources */,
				04F451292B1ED6E9008B0D5B /* AppDelegate.swift in Sources */,
				04F4512B2B1ED6E9008B0D5B /* SceneDelegate.swift in Sources */,
				04F451592B1EF54C008B0D5B /* ConvenienceInitializers.swift in Sources */,
				04F451472B1EDB39008B0D5B /* Observer.swift in Sources */,
			);
			runOnlyForDeploymentPostprocessing = 0;
		};
/* End PBXSourcesBuildPhase section */

/* Begin PBXVariantGroup section */
		04F451332B1ED6EA008B0D5B /* LaunchScreen.storyboard */ = {
			isa = PBXVariantGroup;
			children = (
				04F451342B1ED6EA008B0D5B /* Base */,
			);
			name = LaunchScreen.storyboard;
			sourceTree = "<group>";
		};
/* End PBXVariantGroup section */

/* Begin XCBuildConfiguration section */
		04F451372B1ED6EA008B0D5B /* Debug */ = {
			isa = XCBuildConfiguration;
			buildSettings = {
				ALWAYS_SEARCH_USER_PATHS = NO;
				ASSETCATALOG_COMPILER_GENERATE_SWIFT_ASSET_SYMBOL_EXTENSIONS = YES;
				CLANG_ANALYZER_NONNULL = YES;
				CLANG_ANALYZER_NUMBER_OBJECT_CONVERSION = YES_AGGRESSIVE;
				CLANG_CXX_LANGUAGE_STANDARD = "gnu++20";
				CLANG_ENABLE_MODULES = YES;
				CLANG_ENABLE_OBJC_ARC = YES;
				CLANG_ENABLE_OBJC_WEAK = YES;
				CLANG_WARN_BLOCK_CAPTURE_AUTORELEASING = YES;
				CLANG_WARN_BOOL_CONVERSION = YES;
				CLANG_WARN_COMMA = YES;
				CLANG_WARN_CONSTANT_CONVERSION = YES;
				CLANG_WARN_DEPRECATED_OBJC_IMPLEMENTATIONS = YES;
				CLANG_WARN_DIRECT_OBJC_ISA_USAGE = YES_ERROR;
				CLANG_WARN_DOCUMENTATION_COMMENTS = YES;
				CLANG_WARN_EMPTY_BODY = YES;
				CLANG_WARN_ENUM_CONVERSION = YES;
				CLANG_WARN_INFINITE_RECURSION = YES;
				CLANG_WARN_INT_CONVERSION = YES;
				CLANG_WARN_NON_LITERAL_NULL_CONVERSION = YES;
				CLANG_WARN_OBJC_IMPLICIT_RETAIN_SELF = YES;
				CLANG_WARN_OBJC_LITERAL_CONVERSION = YES;
				CLANG_WARN_OBJC_ROOT_CLASS = YES_ERROR;
				CLANG_WARN_QUOTED_INCLUDE_IN_FRAMEWORK_HEADER = YES;
				CLANG_WARN_RANGE_LOOP_ANALYSIS = YES;
				CLANG_WARN_STRICT_PROTOTYPES = YES;
				CLANG_WARN_SUSPICIOUS_MOVE = YES;
				CLANG_WARN_UNGUARDED_AVAILABILITY = YES_AGGRESSIVE;
				CLANG_WARN_UNREACHABLE_CODE = YES;
				CLANG_WARN__DUPLICATE_METHOD_MATCH = YES;
				COPY_PHASE_STRIP = NO;
				DEBUG_INFORMATION_FORMAT = dwarf;
				ENABLE_STRICT_OBJC_MSGSEND = YES;
				ENABLE_TESTABILITY = YES;
				ENABLE_USER_SCRIPT_SANDBOXING = YES;
				GCC_C_LANGUAGE_STANDARD = gnu17;
				GCC_DYNAMIC_NO_PIC = NO;
				GCC_NO_COMMON_BLOCKS = YES;
				GCC_OPTIMIZATION_LEVEL = 0;
				GCC_PREPROCESSOR_DEFINITIONS = (
					"DEBUG=1",
					"$(inherited)",
				);
				GCC_WARN_64_TO_32_BIT_CONVERSION = YES;
				GCC_WARN_ABOUT_RETURN_TYPE = YES_ERROR;
				GCC_WARN_UNDECLARED_SELECTOR = YES;
				GCC_WARN_UNINITIALIZED_AUTOS = YES_AGGRESSIVE;
				GCC_WARN_UNUSED_FUNCTION = YES;
				GCC_WARN_UNUSED_VARIABLE = YES;
				IPHONEOS_DEPLOYMENT_TARGET = 17.0;
				LOCALIZATION_PREFERS_STRING_CATALOGS = YES;
				MTL_ENABLE_DEBUG_INFO = INCLUDE_SOURCE;
				MTL_FAST_MATH = YES;
				ONLY_ACTIVE_ARCH = YES;
				SDKROOT = iphoneos;
				SWIFT_ACTIVE_COMPILATION_CONDITIONS = "DEBUG $(inherited)";
				SWIFT_OPTIMIZATION_LEVEL = "-Onone";
			};
			name = Debug;
		};
		04F451382B1ED6EA008B0D5B /* Release */ = {
			isa = XCBuildConfiguration;
			buildSettings = {
				ALWAYS_SEARCH_USER_PATHS = NO;
				ASSETCATALOG_COMPILER_GENERATE_SWIFT_ASSET_SYMBOL_EXTENSIONS = YES;
				CLANG_ANALYZER_NONNULL = YES;
				CLANG_ANALYZER_NUMBER_OBJECT_CONVERSION = YES_AGGRESSIVE;
				CLANG_CXX_LANGUAGE_STANDARD = "gnu++20";
				CLANG_ENABLE_MODULES = YES;
				CLANG_ENABLE_OBJC_ARC = YES;
				CLANG_ENABLE_OBJC_WEAK = YES;
				CLANG_WARN_BLOCK_CAPTURE_AUTORELEASING = YES;
				CLANG_WARN_BOOL_CONVERSION = YES;
				CLANG_WARN_COMMA = YES;
				CLANG_WARN_CONSTANT_CONVERSION = YES;
				CLANG_WARN_DEPRECATED_OBJC_IMPLEMENTATIONS = YES;
				CLANG_WARN_DIRECT_OBJC_ISA_USAGE = YES_ERROR;
				CLANG_WARN_DOCUMENTATION_COMMENTS = YES;
				CLANG_WARN_EMPTY_BODY = YES;
				CLANG_WARN_ENUM_CONVERSION = YES;
				CLANG_WARN_INFINITE_RECURSION = YES;
				CLANG_WARN_INT_CONVERSION = YES;
				CLANG_WARN_NON_LITERAL_NULL_CONVERSION = YES;
				CLANG_WARN_OBJC_IMPLICIT_RETAIN_SELF = YES;
				CLANG_WARN_OBJC_LITERAL_CONVERSION = YES;
				CLANG_WARN_OBJC_ROOT_CLASS = YES_ERROR;
				CLANG_WARN_QUOTED_INCLUDE_IN_FRAMEWORK_HEADER = YES;
				CLANG_WARN_RANGE_LOOP_ANALYSIS = YES;
				CLANG_WARN_STRICT_PROTOTYPES = YES;
				CLANG_WARN_SUSPICIOUS_MOVE = YES;
				CLANG_WARN_UNGUARDED_AVAILABILITY = YES_AGGRESSIVE;
				CLANG_WARN_UNREACHABLE_CODE = YES;
				CLANG_WARN__DUPLICATE_METHOD_MATCH = YES;
				COPY_PHASE_STRIP = NO;
				DEBUG_INFORMATION_FORMAT = "dwarf-with-dsym";
				ENABLE_NS_ASSERTIONS = NO;
				ENABLE_STRICT_OBJC_MSGSEND = YES;
				ENABLE_USER_SCRIPT_SANDBOXING = YES;
				GCC_C_LANGUAGE_STANDARD = gnu17;
				GCC_NO_COMMON_BLOCKS = YES;
				GCC_WARN_64_TO_32_BIT_CONVERSION = YES;
				GCC_WARN_ABOUT_RETURN_TYPE = YES_ERROR;
				GCC_WARN_UNDECLARED_SELECTOR = YES;
				GCC_WARN_UNINITIALIZED_AUTOS = YES_AGGRESSIVE;
				GCC_WARN_UNUSED_FUNCTION = YES;
				GCC_WARN_UNUSED_VARIABLE = YES;
				IPHONEOS_DEPLOYMENT_TARGET = 17.0;
				LOCALIZATION_PREFERS_STRING_CATALOGS = YES;
				MTL_ENABLE_DEBUG_INFO = NO;
				MTL_FAST_MATH = YES;
				SDKROOT = iphoneos;
				SWIFT_COMPILATION_MODE = wholemodule;
				VALIDATE_PRODUCT = YES;
			};
			name = Release;
		};
		04F4513A2B1ED6EA008B0D5B /* Debug */ = {
			isa = XCBuildConfiguration;
			buildSettings = {
				ASSETCATALOG_COMPILER_APPICON_NAME = AppIcon;
				ASSETCATALOG_COMPILER_GLOBAL_ACCENT_COLOR_NAME = AccentColor;
				CODE_SIGN_STYLE = Automatic;
				CURRENT_PROJECT_VERSION = 1;
				DEVELOPMENT_TEAM = P85DW78LYM;
				GENERATE_INFOPLIST_FILE = YES;
				INFOPLIST_FILE = ObserverPatternPractice/Info.plist;
				INFOPLIST_KEY_UIApplicationSupportsIndirectInputEvents = YES;
				INFOPLIST_KEY_UILaunchStoryboardName = LaunchScreen;
				INFOPLIST_KEY_UISupportedInterfaceOrientations = UIInterfaceOrientationPortrait;
				INFOPLIST_KEY_UISupportedInterfaceOrientations_iPad = "UIInterfaceOrientationLandscapeLeft UIInterfaceOrientationLandscapeRight UIInterfaceOrientationPortrait UIInterfaceOrientationPortraitUpsideDown";
				LD_RUNPATH_SEARCH_PATHS = (
					"$(inherited)",
					"@executable_path/Frameworks",
				);
				MARKETING_VERSION = 1.0;
				PRODUCT_BUNDLE_IDENTIFIER = SwainYun.ObserverPatternPractice;
				PRODUCT_NAME = "$(TARGET_NAME)";
				SUPPORTED_PLATFORMS = "iphoneos iphonesimulator";
				SUPPORTS_MACCATALYST = NO;
				SUPPORTS_MAC_DESIGNED_FOR_IPHONE_IPAD = NO;
				SWIFT_EMIT_LOC_STRINGS = YES;
				SWIFT_VERSION = 5.0;
				TARGETED_DEVICE_FAMILY = 1;
			};
			name = Debug;
		};
		04F4513B2B1ED6EA008B0D5B /* Release */ = {
			isa = XCBuildConfiguration;
			buildSettings = {
				ASSETCATALOG_COMPILER_APPICON_NAME = AppIcon;
				ASSETCATALOG_COMPILER_GLOBAL_ACCENT_COLOR_NAME = AccentColor;
				CODE_SIGN_STYLE = Automatic;
				CURRENT_PROJECT_VERSION = 1;
				DEVELOPMENT_TEAM = P85DW78LYM;
				GENERATE_INFOPLIST_FILE = YES;
				INFOPLIST_FILE = ObserverPatternPractice/Info.plist;
				INFOPLIST_KEY_UIApplicationSupportsIndirectInputEvents = YES;
				INFOPLIST_KEY_UILaunchStoryboardName = LaunchScreen;
				INFOPLIST_KEY_UISupportedInterfaceOrientations = UIInterfaceOrientationPortrait;
				INFOPLIST_KEY_UISupportedInterfaceOrientations_iPad = "UIInterfaceOrientationLandscapeLeft UIInterfaceOrientationLandscapeRight UIInterfaceOrientationPortrait UIInterfaceOrientationPortraitUpsideDown";
				LD_RUNPATH_SEARCH_PATHS = (
					"$(inherited)",
					"@executable_path/Frameworks",
				);
				MARKETING_VERSION = 1.0;
				PRODUCT_BUNDLE_IDENTIFIER = SwainYun.ObserverPatternPractice;
				PRODUCT_NAME = "$(TARGET_NAME)";
				SUPPORTED_PLATFORMS = "iphoneos iphonesimulator";
				SUPPORTS_MACCATALYST = NO;
				SUPPORTS_MAC_DESIGNED_FOR_IPHONE_IPAD = NO;
				SWIFT_EMIT_LOC_STRINGS = YES;
				SWIFT_VERSION = 5.0;
				TARGETED_DEVICE_FAMILY = 1;
			};
			name = Release;
		};
/* End XCBuildConfiguration section */

/* Begin XCConfigurationList section */
		04F451202B1ED6E9008B0D5B /* Build configuration list for PBXProject "ObserverPatternPractice" */ = {
			isa = XCConfigurationList;
			buildConfigurations = (
				04F451372B1ED6EA008B0D5B /* Debug */,
				04F451382B1ED6EA008B0D5B /* Release */,
			);
			defaultConfigurationIsVisible = 0;
			defaultConfigurationName = Release;
		};
		04F451392B1ED6EA008B0D5B /* Build configuration list for PBXNativeTarget "ObserverPatternPractice" */ = {
			isa = XCConfigurationList;
			buildConfigurations = (
				04F4513A2B1ED6EA008B0D5B /* Debug */,
				04F4513B2B1ED6EA008B0D5B /* Release */,
			);
			defaultConfigurationIsVisible = 0;
			defaultConfigurationName = Release;
		};
/* End XCConfigurationList section */
	};
	rootObject = 04F4511D2B1ED6E9008B0D5B /* Project object */;
}
